
Microsoft Visual Studio Solution File, Format Version 12.00
# Visual Studio Version 17
VisualStudioVersion = 17.13.35913.81 d17.13
MinimumVisualStudioVersion = 10.0.40219.1
Project("{2150E333-8FDC-42A3-9474-1A3956D46DE8}") = "Src", "Src", "{02EA681E-C7D8-13C7-8484-4AC65E1B71E8}"
EndProject
Project("{2150E333-8FDC-42A3-9474-1A3956D46DE8}") = "Test", "Test", "{F16863C0-EF30-465E-92B2-4ED1DCF0A51C}"
EndProject
Project("{2150E333-8FDC-42A3-9474-1A3956D46DE8}") = "APIs", "APIs", "{25DC80D6-3753-480B-A555-055CBF302901}"
EndProject
Project("{2150E333-8FDC-42A3-9474-1A3956D46DE8}") = "Core", "Core", "{311752AA-E699-4C54-A36B-E088BA7E5A1C}"
EndProject
Project("{2150E333-8FDC-42A3-9474-1A3956D46DE8}") = "Infrastructure", "Infrastructure", "{327D93FF-1CB5-432C-AE88-96E8349E9655}"
EndProject
Project("{FAE04EC0-301F-11D3-BF4B-00C04F79EFBC}") = "Clinic.APIs", "Clinic\Clinic.APIs.csproj", "{A70F5A65-AE0D-4BF5-A1CD-025AC9A1EC67}"
EndProject
Project("{FAE04EC0-301F-11D3-BF4B-00C04F79EFBC}") = "Clinic.Core.Application", "Clinic.Core.Application\Clinic.Core.Application.csproj", "{A06CA67A-1301-4D01-8B00-48B0582161F0}"
EndProject
Project("{FAE04EC0-301F-11D3-BF4B-00C04F79EFBC}") = "Clinic.Core.Application.Abstraction", "Clinic.Core.Application.Abstraction\Clinic.Core.Application.Abstraction.csproj", "{0069B622-71C6-49FF-BEDF-409C3A79E06B}"
EndProject
Project("{FAE04EC0-301F-11D3-BF4B-00C04F79EFBC}") = "Clinic.Core.Domin", "Clinic.Core.Domin\Clinic.Core.Domin.csproj", "{29CD1211-B96B-4958-B46F-2E39DDD4874A}"
EndProject
Project("{FAE04EC0-301F-11D3-BF4B-00C04F79EFBC}") = "Clinic.Infrastructure.Presistence", "Clinic.Infrastructure.Presistence\Clinic.Infrastructure.Presistence.csproj", "{AF5B2195-611D-4FD2-A330-196E1336811F}"
EndProject
Global
	GlobalSection(SolutionConfigurationPlatforms) = preSolution
		Debug|Any CPU = Debug|Any CPU
		Release|Any CPU = Release|Any CPU
	EndGlobalSection
	GlobalSection(ProjectConfigurationPlatforms) = postSolution
		{A70F5A65-AE0D-4BF5-A1CD-025AC9A1EC67}.Debug|Any CPU.ActiveCfg = Debug|Any CPU
		{A70F5A65-AE0D-4BF5-A1CD-025AC9A1EC67}.Debug|Any CPU.Build.0 = Debug|Any CPU
		{A70F5A65-AE0D-4BF5-A1CD-025AC9A1EC67}.Release|Any CPU.ActiveCfg = Release|Any CPU
		{A70F5A65-AE0D-4BF5-A1CD-025AC9A1EC67}.Release|Any CPU.Build.0 = Release|Any CPU
		{A06CA67A-1301-4D01-8B00-48B0582161F0}.Debug|Any CPU.ActiveCfg = Debug|Any CPU
		{A06CA67A-1301-4D01-8B00-48B0582161F0}.Debug|Any CPU.Build.0 = Debug|Any CPU
		{A06CA67A-1301-4D01-8B00-48B0582161F0}.Release|Any CPU.ActiveCfg = Release|Any CPU
		{A06CA67A-1301-4D01-8B00-48B0582161F0}.Release|Any CPU.Build.0 = Release|Any CPU
		{0069B622-71C6-49FF-BEDF-409C3A79E06B}.Debug|Any CPU.ActiveCfg = Debug|Any CPU
		{0069B622-71C6-49FF-BEDF-409C3A79E06B}.Debug|Any CPU.Build.0 = Debug|Any CPU
		{0069B622-71C6-49FF-BEDF-409C3A79E06B}.Release|Any CPU.ActiveCfg = Release|Any CPU
		{0069B622-71C6-49FF-BEDF-409C3A79E06B}.Release|Any CPU.Build.0 = Release|Any CPU
		{29CD1211-B96B-4958-B46F-2E39DDD4874A}.Debug|Any CPU.ActiveCfg = Debug|Any CPU
		{29CD1211-B96B-4958-B46F-2E39DDD4874A}.Debug|Any CPU.Build.0 = Debug|Any CPU
		{29CD1211-B96B-4958-B46F-2E39DDD4874A}.Release|Any CPU.ActiveCfg = Release|Any CPU
		{29CD1211-B96B-4958-B46F-2E39DDD4874A}.Release|Any CPU.Build.0 = Release|Any CPU
		{AF5B2195-611D-4FD2-A330-196E1336811F}.Debug|Any CPU.ActiveCfg = Debug|Any CPU
		{AF5B2195-611D-4FD2-A330-196E1336811F}.Debug|Any CPU.Build.0 = Debug|Any CPU
		{AF5B2195-611D-4FD2-A330-196E1336811F}.Release|Any CPU.ActiveCfg = Release|Any CPU
		{AF5B2195-611D-4FD2-A330-196E1336811F}.Release|Any CPU.Build.0 = Release|Any CPU
	EndGlobalSection
	GlobalSection(SolutionProperties) = preSolution
		HideSolutionNode = FALSE
	EndGlobalSection
	GlobalSection(NestedProjects) = preSolution
		{25DC80D6-3753-480B-A555-055CBF302901} = {02EA681E-C7D8-13C7-8484-4AC65E1B71E8}
		{311752AA-E699-4C54-A36B-E088BA7E5A1C} = {02EA681E-C7D8-13C7-8484-4AC65E1B71E8}
		{327D93FF-1CB5-432C-AE88-96E8349E9655} = {02EA681E-C7D8-13C7-8484-4AC65E1B71E8}
		{A70F5A65-AE0D-4BF5-A1CD-025AC9A1EC67} = {25DC80D6-3753-480B-A555-055CBF302901}
		{A06CA67A-1301-4D01-8B00-48B0582161F0} = {311752AA-E699-4C54-A36B-E088BA7E5A1C}
		{0069B622-71C6-49FF-BEDF-409C3A79E06B} = {311752AA-E699-4C54-A36B-E088BA7E5A1C}
		{29CD1211-B96B-4958-B46F-2E39DDD4874A} = {311752AA-E699-4C54-A36B-E088BA7E5A1C}
		{AF5B2195-611D-4FD2-A330-196E1336811F} = {327D93FF-1CB5-432C-AE88-96E8349E9655}
	EndGlobalSection
	GlobalSection(ExtensibilityGlobals) = postSolution
		SolutionGuid = {DDF09710-6A43-4817-A199-040D7DA8ED9A}
	EndGlobalSection
EndGlobal
